
Microsoft Visual Studio Solution File, Format Version 12.00
# Visual Studio Version 17
VisualStudioVersion = 17.8.34330.188
MinimumVisualStudioVersion = 10.0.40219.1
Project("{FAE04EC0-301F-11D3-BF4B-00C04F79EFBC}") = "Amc_Api", "Amc_Api.csproj", "{7E9A9BF1-4358-4424-AE82-DAB4407B01BB}"
EndProject
Global
	GlobalSection(SolutionConfigurationPlatforms) = preSolution
		Debug|Any CPU = Debug|Any CPU
		Release|Any CPU = Release|Any CPU
	EndGlobalSection
	GlobalSection(ProjectConfigurationPlatforms) = postSolution
		{7E9A9BF1-4358-4424-AE82-DAB4407B01BB}.Debug|Any CPU.ActiveCfg = Debug|Any CPU
		{7E9A9BF1-4358-4424-AE82-DAB4407B01BB}.Debug|Any CPU.Build.0 = Debug|Any CPU
		{7E9A9BF1-4358-4424-AE82-DAB4407B01BB}.Release|Any CPU.ActiveCfg = Release|Any CPU
		{7E9A9BF1-4358-4424-AE82-DAB4407B01BB}.Release|Any CPU.Build.0 = Release|Any CPU
	EndGlobalSection
	GlobalSection(SolutionProperties) = preSolution
		HideSolutionNode = FALSE
	EndGlobalSection
	GlobalSection(ExtensibilityGlobals) = postSolution
		SolutionGuid = {BAEAEE06-02BC-4F6E-92E0-616994D618D8}
	EndGlobalSection
EndGlobal
